
Microsoft Visual Studio Solution File, Format Version 12.00
# Visual Studio Version 17
VisualStudioVersion = 17.0.31903.59
MinimumVisualStudioVersion = 10.0.40219.1
Project("{FAE04EC0-301F-11D3-BF4B-00C04F79EFBC}") = "ReportsManagement.Domain", "ReportsManagement.Domain\ReportsManagement.Domain.csproj", "{30799D98-F6C4-4417-B4B3-71C06B3E9289}"
EndProject
Project("{FAE04EC0-301F-11D3-BF4B-00C04F79EFBC}") = "ReportsManagement.Service", "ReportsManagement.Service\ReportsManagement.Service.csproj", "{5DE895B0-D423-4363-B4AE-7A8A83DF0850}"
EndProject
Project("{FAE04EC0-301F-11D3-BF4B-00C04F79EFBC}") = "ReportsManagement.Infrastructure", "ReportsManagement.Infrastructure\ReportsManagement.Infrastructure.csproj", "{C6187B78-CE14-4643-9109-76A9BFE19164}"
EndProject
Project("{FAE04EC0-301F-11D3-BF4B-00C04F79EFBC}") = "ReportsManagement.Controller", "ReportsManagement.Controller\ReportsManagement.Controller.csproj", "{DD993CCE-422E-4D47-9806-FCAAD84085AB}"
EndProject
Global
	GlobalSection(SolutionConfigurationPlatforms) = preSolution
		Debug|Any CPU = Debug|Any CPU
		Debug|x64 = Debug|x64
		Debug|x86 = Debug|x86
		Release|Any CPU = Release|Any CPU
		Release|x64 = Release|x64
		Release|x86 = Release|x86
	EndGlobalSection
	GlobalSection(ProjectConfigurationPlatforms) = postSolution
		{30799D98-F6C4-4417-B4B3-71C06B3E9289}.Debug|Any CPU.ActiveCfg = Debug|Any CPU
		{30799D98-F6C4-4417-B4B3-71C06B3E9289}.Debug|Any CPU.Build.0 = Debug|Any CPU
		{30799D98-F6C4-4417-B4B3-71C06B3E9289}.Debug|x64.ActiveCfg = Debug|Any CPU
		{30799D98-F6C4-4417-B4B3-71C06B3E9289}.Debug|x64.Build.0 = Debug|Any CPU
		{30799D98-F6C4-4417-B4B3-71C06B3E9289}.Debug|x86.ActiveCfg = Debug|Any CPU
		{30799D98-F6C4-4417-B4B3-71C06B3E9289}.Debug|x86.Build.0 = Debug|Any CPU
		{30799D98-F6C4-4417-B4B3-71C06B3E9289}.Release|Any CPU.ActiveCfg = Release|Any CPU
		{30799D98-F6C4-4417-B4B3-71C06B3E9289}.Release|Any CPU.Build.0 = Release|Any CPU
		{30799D98-F6C4-4417-B4B3-71C06B3E9289}.Release|x64.ActiveCfg = Release|Any CPU
		{30799D98-F6C4-4417-B4B3-71C06B3E9289}.Release|x64.Build.0 = Release|Any CPU
		{30799D98-F6C4-4417-B4B3-71C06B3E9289}.Release|x86.ActiveCfg = Release|Any CPU
		{30799D98-F6C4-4417-B4B3-71C06B3E9289}.Release|x86.Build.0 = Release|Any CPU
		{5DE895B0-D423-4363-B4AE-7A8A83DF0850}.Debug|Any CPU.ActiveCfg = Debug|Any CPU
		{5DE895B0-D423-4363-B4AE-7A8A83DF0850}.Debug|Any CPU.Build.0 = Debug|Any CPU
		{5DE895B0-D423-4363-B4AE-7A8A83DF0850}.Debug|x64.ActiveCfg = Debug|Any CPU
		{5DE895B0-D423-4363-B4AE-7A8A83DF0850}.Debug|x64.Build.0 = Debug|Any CPU
		{5DE895B0-D423-4363-B4AE-7A8A83DF0850}.Debug|x86.ActiveCfg = Debug|Any CPU
		{5DE895B0-D423-4363-B4AE-7A8A83DF0850}.Debug|x86.Build.0 = Debug|Any CPU
		{5DE895B0-D423-4363-B4AE-7A8A83DF0850}.Release|Any CPU.ActiveCfg = Release|Any CPU
		{5DE895B0-D423-4363-B4AE-7A8A83DF0850}.Release|Any CPU.Build.0 = Release|Any CPU
		{5DE895B0-D423-4363-B4AE-7A8A83DF0850}.Release|x64.ActiveCfg = Release|Any CPU
		{5DE895B0-D423-4363-B4AE-7A8A83DF0850}.Release|x64.Build.0 = Release|Any CPU
		{5DE895B0-D423-4363-B4AE-7A8A83DF0850}.Release|x86.ActiveCfg = Release|Any CPU
		{5DE895B0-D423-4363-B4AE-7A8A83DF0850}.Release|x86.Build.0 = Release|Any CPU
		{C6187B78-CE14-4643-9109-76A9BFE19164}.Debug|Any CPU.ActiveCfg = Debug|Any CPU
		{C6187B78-CE14-4643-9109-76A9BFE19164}.Debug|Any CPU.Build.0 = Debug|Any CPU
		{C6187B78-CE14-4643-9109-76A9BFE19164}.Debug|x64.ActiveCfg = Debug|Any CPU
		{C6187B78-CE14-4643-9109-76A9BFE19164}.Debug|x64.Build.0 = Debug|Any CPU
		{C6187B78-CE14-4643-9109-76A9BFE19164}.Debug|x86.ActiveCfg = Debug|Any CPU
		{C6187B78-CE14-4643-9109-76A9BFE19164}.Debug|x86.Build.0 = Debug|Any CPU
		{C6187B78-CE14-4643-9109-76A9BFE19164}.Release|Any CPU.ActiveCfg = Release|Any CPU
		{C6187B78-CE14-4643-9109-76A9BFE19164}.Release|Any CPU.Build.0 = Release|Any CPU
		{C6187B78-CE14-4643-9109-76A9BFE19164}.Release|x64.ActiveCfg = Release|Any CPU
		{C6187B78-CE14-4643-9109-76A9BFE19164}.Release|x64.Build.0 = Release|Any CPU
		{C6187B78-CE14-4643-9109-76A9BFE19164}.Release|x86.ActiveCfg = Release|Any CPU
		{C6187B78-CE14-4643-9109-76A9BFE19164}.Release|x86.Build.0 = Release|Any CPU
		{DD993CCE-422E-4D47-9806-FCAAD84085AB}.Debug|Any CPU.ActiveCfg = Debug|Any CPU
		{DD993CCE-422E-4D47-9806-FCAAD84085AB}.Debug|Any CPU.Build.0 = Debug|Any CPU
		{DD993CCE-422E-4D47-9806-FCAAD84085AB}.Debug|x64.ActiveCfg = Debug|Any CPU
		{DD993CCE-422E-4D47-9806-FCAAD84085AB}.Debug|x64.Build.0 = Debug|Any CPU
		{DD993CCE-422E-4D47-9806-FCAAD84085AB}.Debug|x86.ActiveCfg = Debug|Any CPU
		{DD993CCE-422E-4D47-9806-FCAAD84085AB}.Debug|x86.Build.0 = Debug|Any CPU
		{DD993CCE-422E-4D47-9806-FCAAD84085AB}.Release|Any CPU.ActiveCfg = Release|Any CPU
		{DD993CCE-422E-4D47-9806-FCAAD84085AB}.Release|Any CPU.Build.0 = Release|Any CPU
		{DD993CCE-422E-4D47-9806-FCAAD84085AB}.Release|x64.ActiveCfg = Release|Any CPU
		{DD993CCE-422E-4D47-9806-FCAAD84085AB}.Release|x64.Build.0 = Release|Any CPU
		{DD993CCE-422E-4D47-9806-FCAAD84085AB}.Release|x86.ActiveCfg = Release|Any CPU
		{DD993CCE-422E-4D47-9806-FCAAD84085AB}.Release|x86.Build.0 = Release|Any CPU
	EndGlobalSection
	GlobalSection(SolutionProperties) = preSolution
		HideSolutionNode = FALSE
	EndGlobalSection
EndGlobal
